
Microsoft Visual Studio Solution File, Format Version 12.00
# Visual Studio Version 17
VisualStudioVersion = 17.6.33829.357
MinimumVisualStudioVersion = 10.0.40219.1
Project("{FAE04EC0-301F-11D3-BF4B-00C04F79EFBC}") = "ConvertProLibrary", "ConvertProLibrary\ConvertProLibrary.csproj", "{0264BF84-89D6-470E-A54E-45B4B565CB04}"
EndProject
Global
	GlobalSection(SolutionConfigurationPlatforms) = preSolution
		Debug|Any CPU = Debug|Any CPU
		Release|Any CPU = Release|Any CPU
	EndGlobalSection
	GlobalSection(ProjectConfigurationPlatforms) = postSolution
		{0264BF84-89D6-470E-A54E-45B4B565CB04}.Debug|Any CPU.ActiveCfg = Debug|Any CPU
		{0264BF84-89D6-470E-A54E-45B4B565CB04}.Debug|Any CPU.Build.0 = Debug|Any CPU
		{0264BF84-89D6-470E-A54E-45B4B565CB04}.Release|Any CPU.ActiveCfg = Release|Any CPU
		{0264BF84-89D6-470E-A54E-45B4B565CB04}.Release|Any CPU.Build.0 = Release|Any CPU
	EndGlobalSection
	GlobalSection(SolutionProperties) = preSolution
		HideSolutionNode = FALSE
	EndGlobalSection
	GlobalSection(ExtensibilityGlobals) = postSolution
		SolutionGuid = {182C4C73-58F8-4ACA-80BE-D82D78D63CB0}
	EndGlobalSection
EndGlobal
